
Microsoft Visual Studio Solution File, Format Version 12.00
# Visual Studio Version 17
VisualStudioVersion = 17.1.32328.378
MinimumVisualStudioVersion = 10.0.40219.1
Project("{FAE04EC0-301F-11D3-BF4B-00C04F79EFBC}") = "Scaffolding", "Scaffolding\Scaffolding.csproj", "{92A85C82-F5DE-49AC-80EB-8ADE27E9650C}"
EndProject
Global
	GlobalSection(SolutionConfigurationPlatforms) = preSolution
		Debug|Any CPU = Debug|Any CPU
		Release|Any CPU = Release|Any CPU
	EndGlobalSection
	GlobalSection(ProjectConfigurationPlatforms) = postSolution
		{92A85C82-F5DE-49AC-80EB-8ADE27E9650C}.Debug|Any CPU.ActiveCfg = Debug|Any CPU
		{92A85C82-F5DE-49AC-80EB-8ADE27E9650C}.Debug|Any CPU.Build.0 = Debug|Any CPU
		{92A85C82-F5DE-49AC-80EB-8ADE27E9650C}.Release|Any CPU.ActiveCfg = Release|Any CPU
		{92A85C82-F5DE-49AC-80EB-8ADE27E9650C}.Release|Any CPU.Build.0 = Release|Any CPU
	EndGlobalSection
	GlobalSection(SolutionProperties) = preSolution
		HideSolutionNode = FALSE
	EndGlobalSection
	GlobalSection(ExtensibilityGlobals) = postSolution
		SolutionGuid = {087C0D02-3D91-46E2-B04F-83CE8CE2F6DE}
	EndGlobalSection
EndGlobal
